
Microsoft Visual Studio Solution File, Format Version 12.00
# Visual Studio Version 16
VisualStudioVersion = 16.0.31229.75
MinimumVisualStudioVersion = 10.0.40219.1
Project("{FAE04EC0-301F-11D3-BF4B-00C04F79EFBC}") = "Range_and_Index", "Range_and_Index\Range_and_Index.csproj", "{CDE35FD0-9B64-4FCF-8012-D84D0D18F2D0}"
EndProject
Global
	GlobalSection(SolutionConfigurationPlatforms) = preSolution
		Debug|Any CPU = Debug|Any CPU
		Release|Any CPU = Release|Any CPU
	EndGlobalSection
	GlobalSection(ProjectConfigurationPlatforms) = postSolution
		{CDE35FD0-9B64-4FCF-8012-D84D0D18F2D0}.Debug|Any CPU.ActiveCfg = Debug|Any CPU
		{CDE35FD0-9B64-4FCF-8012-D84D0D18F2D0}.Debug|Any CPU.Build.0 = Debug|Any CPU
		{CDE35FD0-9B64-4FCF-8012-D84D0D18F2D0}.Release|Any CPU.ActiveCfg = Release|Any CPU
		{CDE35FD0-9B64-4FCF-8012-D84D0D18F2D0}.Release|Any CPU.Build.0 = Release|Any CPU
	EndGlobalSection
	GlobalSection(SolutionProperties) = preSolution
		HideSolutionNode = FALSE
	EndGlobalSection
	GlobalSection(ExtensibilityGlobals) = postSolution
		SolutionGuid = {85628E63-228C-4FCD-9A71-E87C537EDE6F}
	EndGlobalSection
EndGlobal
